
Microsoft Visual Studio Solution File, Format Version 12.00
# Visual Studio 14
VisualStudioVersion = 14.0.25420.1
MinimumVisualStudioVersion = 10.0.40219.1
Project("{8BC9CEB8-8B4A-11D0-8D11-00A0C91BC942}") = "9.34", "8.5\8.5.vcxproj", "{07BD9147-A2E9-451A-BF34-AF878E2EECE8}"
EndProject
Project("{8BC9CEB8-8B4A-11D0-8D11-00A0C91BC942}") = "9.51", "9.51\9.51.vcxproj", "{67BF5E1E-DD94-4F8F-8447-C39E4DB8603B}"
EndProject
Project("{8BC9CEB8-8B4A-11D0-8D11-00A0C91BC942}") = "10.18", "10.18\10.18.vcxproj", "{46FDD224-4AF7-47A3-A153-8B364AFD6F88}"
EndProject
Project("{8BC9CEB8-8B4A-11D0-8D11-00A0C91BC942}") = "11.20", "11.20\11.20.vcxproj", "{63A5D06A-1CF4-4BF8-A20C-323B5275BE76}"
EndProject
Project("{8BC9CEB8-8B4A-11D0-8D11-00A0C91BC942}") = "11.33", "11.33\11.33.vcxproj", "{A945C3F5-8931-409E-9BAF-190127677AD5}"
EndProject
Project("{8BC9CEB8-8B4A-11D0-8D11-00A0C91BC942}") = "TextQuery", "TextQuery\TextQuery.vcxproj", "{7CBEA635-17D4-481F-ACFB-48CBF4CBBEA9}"
EndProject
Project("{8BC9CEB8-8B4A-11D0-8D11-00A0C91BC942}") = "StrBlob", "StrBlob\StrBlob.vcxproj", "{C1EA5346-51E0-40F3-B077-7AD194A77C0D}"
EndProject
Project("{8BC9CEB8-8B4A-11D0-8D11-00A0C91BC942}") = "MessageFolder", "MessageFolder\MessageFolder.vcxproj", "{FE42671F-FD9D-46EA-93F0-B44D6279FDD3}"
EndProject
Project("{2150E333-8FDC-42A3-9474-1A3956D46DE8}") = "Solution Items", "Solution Items", "{584ED506-7191-4BC1-9075-639F24F155E0}"
	ProjectSection(SolutionItems) = preProject
		.gitignore = .gitignore
		README.md = README.md
	EndProjectSection
EndProject
Project("{8BC9CEB8-8B4A-11D0-8D11-00A0C91BC942}") = "StrVec", "StrVec\StrVec.vcxproj", "{550C413A-0C1B-43A4-8468-943728699831}"
EndProject
Project("{8BC9CEB8-8B4A-11D0-8D11-00A0C91BC942}") = "14.35", "14.35\14.35.vcxproj", "{3F9982D0-AEE6-466E-928E-91236BB61569}"
EndProject
Project("{8BC9CEB8-8B4A-11D0-8D11-00A0C91BC942}") = "SubString", "SubString\SubString.vcxproj", "{F8794D73-B0FC-4111-BB80-7CB36CFBA713}"
EndProject
Global
	GlobalSection(SolutionConfigurationPlatforms) = preSolution
		Debug|x64 = Debug|x64
		Debug|x86 = Debug|x86
		Release|x64 = Release|x64
		Release|x86 = Release|x86
	EndGlobalSection
	GlobalSection(ProjectConfigurationPlatforms) = postSolution
		{07BD9147-A2E9-451A-BF34-AF878E2EECE8}.Debug|x64.ActiveCfg = Debug|x64
		{07BD9147-A2E9-451A-BF34-AF878E2EECE8}.Debug|x64.Build.0 = Debug|x64
		{07BD9147-A2E9-451A-BF34-AF878E2EECE8}.Debug|x86.ActiveCfg = Debug|Win32
		{07BD9147-A2E9-451A-BF34-AF878E2EECE8}.Debug|x86.Build.0 = Debug|Win32
		{07BD9147-A2E9-451A-BF34-AF878E2EECE8}.Release|x64.ActiveCfg = Release|x64
		{07BD9147-A2E9-451A-BF34-AF878E2EECE8}.Release|x64.Build.0 = Release|x64
		{07BD9147-A2E9-451A-BF34-AF878E2EECE8}.Release|x86.ActiveCfg = Release|Win32
		{07BD9147-A2E9-451A-BF34-AF878E2EECE8}.Release|x86.Build.0 = Release|Win32
		{67BF5E1E-DD94-4F8F-8447-C39E4DB8603B}.Debug|x64.ActiveCfg = Debug|x64
		{67BF5E1E-DD94-4F8F-8447-C39E4DB8603B}.Debug|x64.Build.0 = Debug|x64
		{67BF5E1E-DD94-4F8F-8447-C39E4DB8603B}.Debug|x86.ActiveCfg = Debug|Win32
		{67BF5E1E-DD94-4F8F-8447-C39E4DB8603B}.Debug|x86.Build.0 = Debug|Win32
		{67BF5E1E-DD94-4F8F-8447-C39E4DB8603B}.Release|x64.ActiveCfg = Release|x64
		{67BF5E1E-DD94-4F8F-8447-C39E4DB8603B}.Release|x64.Build.0 = Release|x64
		{67BF5E1E-DD94-4F8F-8447-C39E4DB8603B}.Release|x86.ActiveCfg = Release|Win32
		{67BF5E1E-DD94-4F8F-8447-C39E4DB8603B}.Release|x86.Build.0 = Release|Win32
		{46FDD224-4AF7-47A3-A153-8B364AFD6F88}.Debug|x64.ActiveCfg = Debug|x64
		{46FDD224-4AF7-47A3-A153-8B364AFD6F88}.Debug|x64.Build.0 = Debug|x64
		{46FDD224-4AF7-47A3-A153-8B364AFD6F88}.Debug|x86.ActiveCfg = Debug|Win32
		{46FDD224-4AF7-47A3-A153-8B364AFD6F88}.Debug|x86.Build.0 = Debug|Win32
		{46FDD224-4AF7-47A3-A153-8B364AFD6F88}.Release|x64.ActiveCfg = Release|x64
		{46FDD224-4AF7-47A3-A153-8B364AFD6F88}.Release|x64.Build.0 = Release|x64
		{46FDD224-4AF7-47A3-A153-8B364AFD6F88}.Release|x86.ActiveCfg = Release|Win32
		{46FDD224-4AF7-47A3-A153-8B364AFD6F88}.Release|x86.Build.0 = Release|Win32
		{63A5D06A-1CF4-4BF8-A20C-323B5275BE76}.Debug|x64.ActiveCfg = Debug|x64
		{63A5D06A-1CF4-4BF8-A20C-323B5275BE76}.Debug|x64.Build.0 = Debug|x64
		{63A5D06A-1CF4-4BF8-A20C-323B5275BE76}.Debug|x86.ActiveCfg = Debug|Win32
		{63A5D06A-1CF4-4BF8-A20C-323B5275BE76}.Debug|x86.Build.0 = Debug|Win32
		{63A5D06A-1CF4-4BF8-A20C-323B5275BE76}.Release|x64.ActiveCfg = Release|x64
		{63A5D06A-1CF4-4BF8-A20C-323B5275BE76}.Release|x64.Build.0 = Release|x64
		{63A5D06A-1CF4-4BF8-A20C-323B5275BE76}.Release|x86.ActiveCfg = Release|Win32
		{63A5D06A-1CF4-4BF8-A20C-323B5275BE76}.Release|x86.Build.0 = Release|Win32
		{A945C3F5-8931-409E-9BAF-190127677AD5}.Debug|x64.ActiveCfg = Debug|x64
		{A945C3F5-8931-409E-9BAF-190127677AD5}.Debug|x64.Build.0 = Debug|x64
		{A945C3F5-8931-409E-9BAF-190127677AD5}.Debug|x86.ActiveCfg = Debug|Win32
		{A945C3F5-8931-409E-9BAF-190127677AD5}.Debug|x86.Build.0 = Debug|Win32
		{A945C3F5-8931-409E-9BAF-190127677AD5}.Release|x64.ActiveCfg = Release|x64
		{A945C3F5-8931-409E-9BAF-190127677AD5}.Release|x64.Build.0 = Release|x64
		{A945C3F5-8931-409E-9BAF-190127677AD5}.Release|x86.ActiveCfg = Release|Win32
		{A945C3F5-8931-409E-9BAF-190127677AD5}.Release|x86.Build.0 = Release|Win32
		{7CBEA635-17D4-481F-ACFB-48CBF4CBBEA9}.Debug|x64.ActiveCfg = Debug|x64
		{7CBEA635-17D4-481F-ACFB-48CBF4CBBEA9}.Debug|x64.Build.0 = Debug|x64
		{7CBEA635-17D4-481F-ACFB-48CBF4CBBEA9}.Debug|x86.ActiveCfg = Debug|Win32
		{7CBEA635-17D4-481F-ACFB-48CBF4CBBEA9}.Debug|x86.Build.0 = Debug|Win32
		{7CBEA635-17D4-481F-ACFB-48CBF4CBBEA9}.Release|x64.ActiveCfg = Release|x64
		{7CBEA635-17D4-481F-ACFB-48CBF4CBBEA9}.Release|x64.Build.0 = Release|x64
		{7CBEA635-17D4-481F-ACFB-48CBF4CBBEA9}.Release|x86.ActiveCfg = Release|Win32
		{7CBEA635-17D4-481F-ACFB-48CBF4CBBEA9}.Release|x86.Build.0 = Release|Win32
		{C1EA5346-51E0-40F3-B077-7AD194A77C0D}.Debug|x64.ActiveCfg = Debug|x64
		{C1EA5346-51E0-40F3-B077-7AD194A77C0D}.Debug|x64.Build.0 = Debug|x64
		{C1EA5346-51E0-40F3-B077-7AD194A77C0D}.Debug|x86.ActiveCfg = Debug|Win32
		{C1EA5346-51E0-40F3-B077-7AD194A77C0D}.Debug|x86.Build.0 = Debug|Win32
		{C1EA5346-51E0-40F3-B077-7AD194A77C0D}.Release|x64.ActiveCfg = Release|x64
		{C1EA5346-51E0-40F3-B077-7AD194A77C0D}.Release|x64.Build.0 = Release|x64
		{C1EA5346-51E0-40F3-B077-7AD194A77C0D}.Release|x86.ActiveCfg = Release|Win32
		{C1EA5346-51E0-40F3-B077-7AD194A77C0D}.Release|x86.Build.0 = Release|Win32
		{FE42671F-FD9D-46EA-93F0-B44D6279FDD3}.Debug|x64.ActiveCfg = Debug|x64
		{FE42671F-FD9D-46EA-93F0-B44D6279FDD3}.Debug|x64.Build.0 = Debug|x64
		{FE42671F-FD9D-46EA-93F0-B44D6279FDD3}.Debug|x86.ActiveCfg = Debug|Win32
		{FE42671F-FD9D-46EA-93F0-B44D6279FDD3}.Debug|x86.Build.0 = Debug|Win32
		{FE42671F-FD9D-46EA-93F0-B44D6279FDD3}.Release|x64.ActiveCfg = Release|x64
		{FE42671F-FD9D-46EA-93F0-B44D6279FDD3}.Release|x64.Build.0 = Release|x64
		{FE42671F-FD9D-46EA-93F0-B44D6279FDD3}.Release|x86.ActiveCfg = Release|Win32
		{FE42671F-FD9D-46EA-93F0-B44D6279FDD3}.Release|x86.Build.0 = Release|Win32
		{550C413A-0C1B-43A4-8468-943728699831}.Debug|x64.ActiveCfg = Debug|x64
		{550C413A-0C1B-43A4-8468-943728699831}.Debug|x64.Build.0 = Debug|x64
		{550C413A-0C1B-43A4-8468-943728699831}.Debug|x86.ActiveCfg = Debug|Win32
		{550C413A-0C1B-43A4-8468-943728699831}.Debug|x86.Build.0 = Debug|Win32
		{550C413A-0C1B-43A4-8468-943728699831}.Release|x64.ActiveCfg = Release|x64
		{550C413A-0C1B-43A4-8468-943728699831}.Release|x64.Build.0 = Release|x64
		{550C413A-0C1B-43A4-8468-943728699831}.Release|x86.ActiveCfg = Release|Win32
		{550C413A-0C1B-43A4-8468-943728699831}.Release|x86.Build.0 = Release|Win32
		{3F9982D0-AEE6-466E-928E-91236BB61569}.Debug|x64.ActiveCfg = Debug|x64
		{3F9982D0-AEE6-466E-928E-91236BB61569}.Debug|x64.Build.0 = Debug|x64
		{3F9982D0-AEE6-466E-928E-91236BB61569}.Debug|x86.ActiveCfg = Debug|Win32
		{3F9982D0-AEE6-466E-928E-91236BB61569}.Debug|x86.Build.0 = Debug|Win32
		{3F9982D0-AEE6-466E-928E-91236BB61569}.Release|x64.ActiveCfg = Release|x64
		{3F9982D0-AEE6-466E-928E-91236BB61569}.Release|x64.Build.0 = Release|x64
		{3F9982D0-AEE6-466E-928E-91236BB61569}.Release|x86.ActiveCfg = Release|Win32
		{3F9982D0-AEE6-466E-928E-91236BB61569}.Release|x86.Build.0 = Release|Win32
		{F8794D73-B0FC-4111-BB80-7CB36CFBA713}.Debug|x64.ActiveCfg = Debug|x64
		{F8794D73-B0FC-4111-BB80-7CB36CFBA713}.Debug|x64.Build.0 = Debug|x64
		{F8794D73-B0FC-4111-BB80-7CB36CFBA713}.Debug|x86.ActiveCfg = Debug|Win32
		{F8794D73-B0FC-4111-BB80-7CB36CFBA713}.Debug|x86.Build.0 = Debug|Win32
		{F8794D73-B0FC-4111-BB80-7CB36CFBA713}.Release|x64.ActiveCfg = Release|x64
		{F8794D73-B0FC-4111-BB80-7CB36CFBA713}.Release|x64.Build.0 = Release|x64
		{F8794D73-B0FC-4111-BB80-7CB36CFBA713}.Release|x86.ActiveCfg = Release|Win32
		{F8794D73-B0FC-4111-BB80-7CB36CFBA713}.Release|x86.Build.0 = Release|Win32
	EndGlobalSection
	GlobalSection(SolutionProperties) = preSolution
		HideSolutionNode = FALSE
	EndGlobalSection
EndGlobal
